
Microsoft Visual Studio Solution File, Format Version 12.00
# Visual Studio Version 17
VisualStudioVersion = 17.8.34330.188
MinimumVisualStudioVersion = 10.0.40219.1
Project("{9A19103F-16F7-4668-BE54-9A1E7A4F7556}") = "antd-web-app", "antd-web-app\antd-web-app.csproj", "{11851139-ACE0-44F6-A04B-2B10EBE60E48}"
EndProject
Global
	GlobalSection(SolutionConfigurationPlatforms) = preSolution
		Debug|Any CPU = Debug|Any CPU
		Release|Any CPU = Release|Any CPU
	EndGlobalSection
	GlobalSection(ProjectConfigurationPlatforms) = postSolution
		{11851139-ACE0-44F6-A04B-2B10EBE60E48}.Debug|Any CPU.ActiveCfg = Debug|Any CPU
		{11851139-ACE0-44F6-A04B-2B10EBE60E48}.Debug|Any CPU.Build.0 = Debug|Any CPU
		{11851139-ACE0-44F6-A04B-2B10EBE60E48}.Release|Any CPU.ActiveCfg = Release|Any CPU
		{11851139-ACE0-44F6-A04B-2B10EBE60E48}.Release|Any CPU.Build.0 = Release|Any CPU
	EndGlobalSection
	GlobalSection(SolutionProperties) = preSolution
		HideSolutionNode = FALSE
	EndGlobalSection
	GlobalSection(ExtensibilityGlobals) = postSolution
		SolutionGuid = {FB80C0EA-6A8B-4DBE-BEE4-6D65CF8BFA5A}
	EndGlobalSection
EndGlobal
